
Microsoft Visual Studio Solution File, Format Version 12.00
# Visual Studio Version 17
VisualStudioVersion = 17.3.32929.385
MinimumVisualStudioVersion = 10.0.40219.1
Project("{FAE04EC0-301F-11D3-BF4B-00C04F79EFBC}") = "BowlingGame", "BowlingGame\BowlingGame.csproj", "{241F4D6E-590D-40B6-8BB3-580C4710EAF2}"
EndProject
Project("{FAE04EC0-301F-11D3-BF4B-00C04F79EFBC}") = "BowlingTest", "BowlingTest\BowlingTest.csproj", "{8C448A4E-DE7B-44B7-A8C4-0B44FFFAD21F}"
	ProjectSection(ProjectDependencies) = postProject
		{241F4D6E-590D-40B6-8BB3-580C4710EAF2} = {241F4D6E-590D-40B6-8BB3-580C4710EAF2}
	EndProjectSection
EndProject
Global
	GlobalSection(SolutionConfigurationPlatforms) = preSolution
		Debug|Any CPU = Debug|Any CPU
		Release|Any CPU = Release|Any CPU
	EndGlobalSection
	GlobalSection(ProjectConfigurationPlatforms) = postSolution
		{241F4D6E-590D-40B6-8BB3-580C4710EAF2}.Debug|Any CPU.ActiveCfg = Debug|Any CPU
		{241F4D6E-590D-40B6-8BB3-580C4710EAF2}.Debug|Any CPU.Build.0 = Debug|Any CPU
		{241F4D6E-590D-40B6-8BB3-580C4710EAF2}.Release|Any CPU.ActiveCfg = Release|Any CPU
		{241F4D6E-590D-40B6-8BB3-580C4710EAF2}.Release|Any CPU.Build.0 = Release|Any CPU
		{8C448A4E-DE7B-44B7-A8C4-0B44FFFAD21F}.Debug|Any CPU.ActiveCfg = Debug|Any CPU
		{8C448A4E-DE7B-44B7-A8C4-0B44FFFAD21F}.Debug|Any CPU.Build.0 = Debug|Any CPU
		{8C448A4E-DE7B-44B7-A8C4-0B44FFFAD21F}.Release|Any CPU.ActiveCfg = Release|Any CPU
		{8C448A4E-DE7B-44B7-A8C4-0B44FFFAD21F}.Release|Any CPU.Build.0 = Release|Any CPU
	EndGlobalSection
	GlobalSection(SolutionProperties) = preSolution
		HideSolutionNode = FALSE
	EndGlobalSection
	GlobalSection(ExtensibilityGlobals) = postSolution
		SolutionGuid = {5934F2FB-48A2-4BE8-8219-FC416FAF0AFC}
	EndGlobalSection
EndGlobal
